
Microsoft Visual Studio Solution File, Format Version 12.00
# Visual Studio 15
VisualStudioVersion = 15.0.27703.2000
MinimumVisualStudioVersion = 10.0.40219.1
Project("{9A19103F-16F7-4668-BE54-9A1E7A4F7556}") = "CSharPyExtension", "CSharPyExtension\CSharPyExtension.csproj", "{8031B28A-6640-4EBA-B85A-F8B66B918211}"
EndProject
Project("{9A19103F-16F7-4668-BE54-9A1E7A4F7556}") = "TestCSharpyCore", "TestCSharpyCore\TestCSharpyCore.csproj", "{12A0B89C-DF71-47D4-A2D0-A04361CB588B}"
EndProject
Project("{9A19103F-16F7-4668-BE54-9A1E7A4F7556}") = "DynamicCS", "DynamicCScore\DynamicCS.csproj", "{8E98337D-932C-4456-A9C6-650FF6F28881}"
EndProject
Global
	GlobalSection(SolutionConfigurationPlatforms) = preSolution
		Debug|Any CPU = Debug|Any CPU
		Debug|x64 = Debug|x64
		Debug|x86 = Debug|x86
		Release|Any CPU = Release|Any CPU
		Release|x64 = Release|x64
		Release|x86 = Release|x86
	EndGlobalSection
	GlobalSection(ProjectConfigurationPlatforms) = postSolution
		{8031B28A-6640-4EBA-B85A-F8B66B918211}.Debug|Any CPU.ActiveCfg = Debug|Any CPU
		{8031B28A-6640-4EBA-B85A-F8B66B918211}.Debug|Any CPU.Build.0 = Debug|Any CPU
		{8031B28A-6640-4EBA-B85A-F8B66B918211}.Debug|x64.ActiveCfg = Debug|Any CPU
		{8031B28A-6640-4EBA-B85A-F8B66B918211}.Debug|x64.Build.0 = Debug|Any CPU
		{8031B28A-6640-4EBA-B85A-F8B66B918211}.Debug|x86.ActiveCfg = Debug|Any CPU
		{8031B28A-6640-4EBA-B85A-F8B66B918211}.Debug|x86.Build.0 = Debug|Any CPU
		{8031B28A-6640-4EBA-B85A-F8B66B918211}.Release|Any CPU.ActiveCfg = Release|Any CPU
		{8031B28A-6640-4EBA-B85A-F8B66B918211}.Release|Any CPU.Build.0 = Release|Any CPU
		{8031B28A-6640-4EBA-B85A-F8B66B918211}.Release|x64.ActiveCfg = Release|Any CPU
		{8031B28A-6640-4EBA-B85A-F8B66B918211}.Release|x64.Build.0 = Release|Any CPU
		{8031B28A-6640-4EBA-B85A-F8B66B918211}.Release|x86.ActiveCfg = Release|Any CPU
		{8031B28A-6640-4EBA-B85A-F8B66B918211}.Release|x86.Build.0 = Release|Any CPU
		{12A0B89C-DF71-47D4-A2D0-A04361CB588B}.Debug|Any CPU.ActiveCfg = Debug|Any CPU
		{12A0B89C-DF71-47D4-A2D0-A04361CB588B}.Debug|Any CPU.Build.0 = Debug|Any CPU
		{12A0B89C-DF71-47D4-A2D0-A04361CB588B}.Debug|x64.ActiveCfg = Debug|Any CPU
		{12A0B89C-DF71-47D4-A2D0-A04361CB588B}.Debug|x64.Build.0 = Debug|Any CPU
		{12A0B89C-DF71-47D4-A2D0-A04361CB588B}.Debug|x86.ActiveCfg = Debug|Any CPU
		{12A0B89C-DF71-47D4-A2D0-A04361CB588B}.Debug|x86.Build.0 = Debug|Any CPU
		{12A0B89C-DF71-47D4-A2D0-A04361CB588B}.Release|Any CPU.ActiveCfg = Release|Any CPU
		{12A0B89C-DF71-47D4-A2D0-A04361CB588B}.Release|Any CPU.Build.0 = Release|Any CPU
		{12A0B89C-DF71-47D4-A2D0-A04361CB588B}.Release|x64.ActiveCfg = Release|Any CPU
		{12A0B89C-DF71-47D4-A2D0-A04361CB588B}.Release|x64.Build.0 = Release|Any CPU
		{12A0B89C-DF71-47D4-A2D0-A04361CB588B}.Release|x86.ActiveCfg = Release|Any CPU
		{12A0B89C-DF71-47D4-A2D0-A04361CB588B}.Release|x86.Build.0 = Release|Any CPU
		{8E98337D-932C-4456-A9C6-650FF6F28881}.Debug|Any CPU.ActiveCfg = Debug|Any CPU
		{8E98337D-932C-4456-A9C6-650FF6F28881}.Debug|Any CPU.Build.0 = Debug|Any CPU
		{8E98337D-932C-4456-A9C6-650FF6F28881}.Debug|x64.ActiveCfg = Debug|Any CPU
		{8E98337D-932C-4456-A9C6-650FF6F28881}.Debug|x64.Build.0 = Debug|Any CPU
		{8E98337D-932C-4456-A9C6-650FF6F28881}.Debug|x86.ActiveCfg = Debug|Any CPU
		{8E98337D-932C-4456-A9C6-650FF6F28881}.Debug|x86.Build.0 = Debug|Any CPU
		{8E98337D-932C-4456-A9C6-650FF6F28881}.Release|Any CPU.ActiveCfg = Release|Any CPU
		{8E98337D-932C-4456-A9C6-650FF6F28881}.Release|Any CPU.Build.0 = Release|Any CPU
		{8E98337D-932C-4456-A9C6-650FF6F28881}.Release|x64.ActiveCfg = Release|Any CPU
		{8E98337D-932C-4456-A9C6-650FF6F28881}.Release|x64.Build.0 = Release|Any CPU
		{8E98337D-932C-4456-A9C6-650FF6F28881}.Release|x86.ActiveCfg = Release|Any CPU
		{8E98337D-932C-4456-A9C6-650FF6F28881}.Release|x86.Build.0 = Release|Any CPU
	EndGlobalSection
	GlobalSection(SolutionProperties) = preSolution
		HideSolutionNode = FALSE
	EndGlobalSection
	GlobalSection(ExtensibilityGlobals) = postSolution
		SolutionGuid = {9999DEFC-F6BA-420B-895B-9B0878720DBE}
	EndGlobalSection
EndGlobal
